
Microsoft Visual Studio Solution File, Format Version 12.00
# Visual Studio Version 16
VisualStudioVersion = 16.0.31702.278
MinimumVisualStudioVersion = 10.0.40219.1
Project("{FAE04EC0-301F-11D3-BF4B-00C04F79EFBC}") = "Company_WebApi", "Company_WebApi\Company_WebApi.csproj", "{EB398913-7D72-4F29-AFE7-26FBE67059CB}"
EndProject
Global
	GlobalSection(SolutionConfigurationPlatforms) = preSolution
		Debug|Any CPU = Debug|Any CPU
		Release|Any CPU = Release|Any CPU
	EndGlobalSection
	GlobalSection(ProjectConfigurationPlatforms) = postSolution
		{EB398913-7D72-4F29-AFE7-26FBE67059CB}.Debug|Any CPU.ActiveCfg = Debug|Any CPU
		{EB398913-7D72-4F29-AFE7-26FBE67059CB}.Debug|Any CPU.Build.0 = Debug|Any CPU
		{EB398913-7D72-4F29-AFE7-26FBE67059CB}.Release|Any CPU.ActiveCfg = Release|Any CPU
		{EB398913-7D72-4F29-AFE7-26FBE67059CB}.Release|Any CPU.Build.0 = Release|Any CPU
	EndGlobalSection
	GlobalSection(SolutionProperties) = preSolution
		HideSolutionNode = FALSE
	EndGlobalSection
	GlobalSection(ExtensibilityGlobals) = postSolution
		SolutionGuid = {D03BA117-5550-4DF9-9D96-B4D87D4DE238}
	EndGlobalSection
EndGlobal
